
Microsoft Visual Studio Solution File, Format Version 12.00
# Visual Studio Version 17
VisualStudioVersion = 17.5.33530.505
MinimumVisualStudioVersion = 10.0.40219.1
Project("{FAE04EC0-301F-11D3-BF4B-00C04F79EFBC}") = "Lesson22", "Lesson22\Lesson22.csproj", "{8E51F7AF-63AF-4B7C-9842-871CF38FFD9B}"
EndProject
Global
	GlobalSection(SolutionConfigurationPlatforms) = preSolution
		Debug|Any CPU = Debug|Any CPU
		Release|Any CPU = Release|Any CPU
	EndGlobalSection
	GlobalSection(ProjectConfigurationPlatforms) = postSolution
		{8E51F7AF-63AF-4B7C-9842-871CF38FFD9B}.Debug|Any CPU.ActiveCfg = Debug|Any CPU
		{8E51F7AF-63AF-4B7C-9842-871CF38FFD9B}.Debug|Any CPU.Build.0 = Debug|Any CPU
		{8E51F7AF-63AF-4B7C-9842-871CF38FFD9B}.Release|Any CPU.ActiveCfg = Release|Any CPU
		{8E51F7AF-63AF-4B7C-9842-871CF38FFD9B}.Release|Any CPU.Build.0 = Release|Any CPU
	EndGlobalSection
	GlobalSection(SolutionProperties) = preSolution
		HideSolutionNode = FALSE
	EndGlobalSection
	GlobalSection(ExtensibilityGlobals) = postSolution
		SolutionGuid = {CB40C929-9D4F-429A-9B1C-E650ECBE19BC}
	EndGlobalSection
EndGlobal
